
Microsoft Visual Studio Solution File, Format Version 12.00
# Visual Studio Version 17
VisualStudioVersion = 17.8.34309.116
MinimumVisualStudioVersion = 10.0.40219.1
Project("{FAE04EC0-301F-11D3-BF4B-00C04F79EFBC}") = "aspnet-crm", "aspnet-crm\aspnet-crm.csproj", "{101FD2F2-663C-4F08-B345-70E338FB4764}"
EndProject
Global
	GlobalSection(SolutionConfigurationPlatforms) = preSolution
		Debug|Any CPU = Debug|Any CPU
		Release|Any CPU = Release|Any CPU
	EndGlobalSection
	GlobalSection(ProjectConfigurationPlatforms) = postSolution
		{101FD2F2-663C-4F08-B345-70E338FB4764}.Debug|Any CPU.ActiveCfg = Debug|Any CPU
		{101FD2F2-663C-4F08-B345-70E338FB4764}.Debug|Any CPU.Build.0 = Debug|Any CPU
		{101FD2F2-663C-4F08-B345-70E338FB4764}.Release|Any CPU.ActiveCfg = Release|Any CPU
		{101FD2F2-663C-4F08-B345-70E338FB4764}.Release|Any CPU.Build.0 = Release|Any CPU
	EndGlobalSection
	GlobalSection(SolutionProperties) = preSolution
		HideSolutionNode = FALSE
	EndGlobalSection
	GlobalSection(ExtensibilityGlobals) = postSolution
		SolutionGuid = {8D23CF41-9B1E-4238-905B-B3A20D4557DA}
	EndGlobalSection
EndGlobal
